// !$*UTF8*$!
{
	archiveVersion = 1;
	classes = {
	};
	objectVersion = 51;
	objects = {

/* Begin PBXBuildFile section */
		160F1A71F3BB3A4E04F96004 /* Pods_SportsDB.framework in Frameworks */ = {isa = PBXBuildFile; fileRef = 9D9E308F3FD795E2E38C3CC4 /* Pods_SportsDB.framework */; };
		CE1B79AE24AEC4A0008B4825 /* AppDelegate.swift in Sources */ = {isa = PBXBuildFile; fileRef = CE1B79AD24AEC4A0008B4825 /* AppDelegate.swift */; };
		CE1B79B724AEC4A3008B4825 /* Assets.xcassets in Resources */ = {isa = PBXBuildFile; fileRef = CE1B79B624AEC4A3008B4825 /* Assets.xcassets */; };
		CE1B79BA24AEC4A3008B4825 /* LaunchScreen.storyboard in Resources */ = {isa = PBXBuildFile; fileRef = CE1B79B824AEC4A3008B4825 /* LaunchScreen.storyboard */; };
		CE1B79C424AEC586008B4825 /* LeaguesViewController.swift in Sources */ = {isa = PBXBuildFile; fileRef = CE1B79C224AEC586008B4825 /* LeaguesViewController.swift */; };
		CE1B79C524AEC586008B4825 /* LeaguesViewController.xib in Resources */ = {isa = PBXBuildFile; fileRef = CE1B79C324AEC586008B4825 /* LeaguesViewController.xib */; };
		CE1B79CA24AECD94008B4825 /* DetailedLeaguesViewController.swift in Sources */ = {isa = PBXBuildFile; fileRef = CE1B79C824AECD94008B4825 /* DetailedLeaguesViewController.swift */; };
		CE1B79CB24AECD94008B4825 /* DetailedLeaguesViewController.xib in Resources */ = {isa = PBXBuildFile; fileRef = CE1B79C924AECD94008B4825 /* DetailedLeaguesViewController.xib */; };
		CE1B79CF24AED171008B4825 /* LeagueTableViewCell.swift in Sources */ = {isa = PBXBuildFile; fileRef = CE1B79CD24AED171008B4825 /* LeagueTableViewCell.swift */; };
		CE1B79D024AED171008B4825 /* LeagueTableViewCell.xib in Resources */ = {isa = PBXBuildFile; fileRef = CE1B79CE24AED171008B4825 /* LeagueTableViewCell.xib */; };
		CE1B79D224AEDE49008B4825 /* Colors.xcassets in Resources */ = {isa = PBXBuildFile; fileRef = CE1B79D124AEDE49008B4825 /* Colors.xcassets */; };
		CE1B79D524AEE730008B4825 /* League.swift in Sources */ = {isa = PBXBuildFile; fileRef = CE1B79D424AEE730008B4825 /* League.swift */; };
		CE1B79D724AEE8FF008B4825 /* LeagueDetails.swift in Sources */ = {isa = PBXBuildFile; fileRef = CE1B79D624AEE8FF008B4825 /* LeagueDetails.swift */; };
		CE1B79DF24B00B57008B4825 /* TargetType.swift in Sources */ = {isa = PBXBuildFile; fileRef = CE1B79DE24B00B57008B4825 /* TargetType.swift */; };
		CE1B79E124B00F29008B4825 /* BaseAPI.swift in Sources */ = {isa = PBXBuildFile; fileRef = CE1B79E024B00F29008B4825 /* BaseAPI.swift */; };
		CE1B79E324B0179C008B4825 /* LeaguesResponse.swift in Sources */ = {isa = PBXBuildFile; fileRef = CE1B79E224B0179C008B4825 /* LeaguesResponse.swift */; };
		CE1B79E624B01865008B4825 /* LeaguesNetworking.swift in Sources */ = {isa = PBXBuildFile; fileRef = CE1B79E524B01865008B4825 /* LeaguesNetworking.swift */; };
		CE1B79E824B01B25008B4825 /* LeaguesAPI.swift in Sources */ = {isa = PBXBuildFile; fileRef = CE1B79E724B01B25008B4825 /* LeaguesAPI.swift */; };
		CE1B79EA24B04435008B4825 /* LeagueDetailsResponse.swift in Sources */ = {isa = PBXBuildFile; fileRef = CE1B79E924B04435008B4825 /* LeagueDetailsResponse.swift */; };
/* End PBXBuildFile section */

/* Begin PBXFileReference section */
		9D9E308F3FD795E2E38C3CC4 /* Pods_SportsDB.framework */ = {isa = PBXFileReference; explicitFileType = wrapper.framework; includeInIndex = 0; path = Pods_SportsDB.framework; sourceTree = BUILT_PRODUCTS_DIR; };
		CE1B79AA24AEC4A0008B4825 /* SportsDB.app */ = {isa = PBXFileReference; explicitFileType = wrapper.application; includeInIndex = 0; path = SportsDB.app; sourceTree = BUILT_PRODUCTS_DIR; };
		CE1B79AD24AEC4A0008B4825 /* AppDelegate.swift */ = {isa = PBXFileReference; lastKnownFileType = sourcecode.swift; path = AppDelegate.swift; sourceTree = "<group>"; };
		CE1B79B624AEC4A3008B4825 /* Assets.xcassets */ = {isa = PBXFileReference; lastKnownFileType = folder.assetcatalog; path = Assets.xcassets; sourceTree = "<group>"; };
		CE1B79B924AEC4A3008B4825 /* Base */ = {isa = PBXFileReference; lastKnownFileType = file.storyboard; name = Base; path = Base.lproj/LaunchScreen.storyboard; sourceTree = "<group>"; };
		CE1B79BB24AEC4A3008B4825 /* Info.plist */ = {isa = PBXFileReference; lastKnownFileType = text.plist.xml; path = Info.plist; sourceTree = "<group>"; };
		CE1B79C224AEC586008B4825 /* LeaguesViewController.swift */ = {isa = PBXFileReference; lastKnownFileType = sourcecode.swift; path = LeaguesViewController.swift; sourceTree = "<group>"; };
		CE1B79C324AEC586008B4825 /* LeaguesViewController.xib */ = {isa = PBXFileReference; lastKnownFileType = file.xib; path = LeaguesViewController.xib; sourceTree = "<group>"; };
		CE1B79C824AECD94008B4825 /* DetailedLeaguesViewController.swift */ = {isa = PBXFileReference; lastKnownFileType = sourcecode.swift; path = DetailedLeaguesViewController.swift; sourceTree = "<group>"; };
		CE1B79C924AECD94008B4825 /* DetailedLeaguesViewController.xib */ = {isa = PBXFileReference; lastKnownFileType = file.xib; path = DetailedLeaguesViewController.xib; sourceTree = "<group>"; };
		CE1B79CD24AED171008B4825 /* LeagueTableViewCell.swift */ = {isa = PBXFileReference; lastKnownFileType = sourcecode.swift; path = LeagueTableViewCell.swift; sourceTree = "<group>"; };
		CE1B79CE24AED171008B4825 /* LeagueTableViewCell.xib */ = {isa = PBXFileReference; lastKnownFileType = file.xib; path = LeagueTableViewCell.xib; sourceTree = "<group>"; };
		CE1B79D124AEDE49008B4825 /* Colors.xcassets */ = {isa = PBXFileReference; lastKnownFileType = folder.assetcatalog; path = Colors.xcassets; sourceTree = "<group>"; };
		CE1B79D424AEE730008B4825 /* League.swift */ = {isa = PBXFileReference; lastKnownFileType = sourcecode.swift; path = League.swift; sourceTree = "<group>"; };
		CE1B79D624AEE8FF008B4825 /* LeagueDetails.swift */ = {isa = PBXFileReference; lastKnownFileType = sourcecode.swift; path = LeagueDetails.swift; sourceTree = "<group>"; };
		CE1B79DE24B00B57008B4825 /* TargetType.swift */ = {isa = PBXFileReference; lastKnownFileType = sourcecode.swift; path = TargetType.swift; sourceTree = "<group>"; };
		CE1B79E024B00F29008B4825 /* BaseAPI.swift */ = {isa = PBXFileReference; lastKnownFileType = sourcecode.swift; path = BaseAPI.swift; sourceTree = "<group>"; };
		CE1B79E224B0179C008B4825 /* LeaguesResponse.swift */ = {isa = PBXFileReference; lastKnownFileType = sourcecode.swift; path = LeaguesResponse.swift; sourceTree = "<group>"; };
		CE1B79E524B01865008B4825 /* LeaguesNetworking.swift */ = {isa = PBXFileReference; lastKnownFileType = sourcecode.swift; path = LeaguesNetworking.swift; sourceTree = "<group>"; };
		CE1B79E724B01B25008B4825 /* LeaguesAPI.swift */ = {isa = PBXFileReference; lastKnownFileType = sourcecode.swift; path = LeaguesAPI.swift; sourceTree = "<group>"; };
		CE1B79E924B04435008B4825 /* LeagueDetailsResponse.swift */ = {isa = PBXFileReference; lastKnownFileType = sourcecode.swift; path = LeagueDetailsResponse.swift; sourceTree = "<group>"; };
		E3B2B74D0C1C8F0516CA67D7 /* Pods-SportsDB.debug.xcconfig */ = {isa = PBXFileReference; includeInIndex = 1; lastKnownFileType = text.xcconfig; name = "Pods-SportsDB.debug.xcconfig"; path = "Target Support Files/Pods-SportsDB/Pods-SportsDB.debug.xcconfig"; sourceTree = "<group>"; };
		F99EFF8666E230E1680D4B49 /* Pods-SportsDB.release.xcconfig */ = {isa = PBXFileReference; includeInIndex = 1; lastKnownFileType = text.xcconfig; name = "Pods-SportsDB.release.xcconfig"; path = "Target Support Files/Pods-SportsDB/Pods-SportsDB.release.xcconfig"; sourceTree = "<group>"; };
/* End PBXFileReference section */

/* Begin PBXFrameworksBuildPhase section */
		CE1B79A724AEC4A0008B4825 /* Frameworks */ = {
			isa = PBXFrameworksBuildPhase;
			buildActionMask = 2147483647;
			files = (
				160F1A71F3BB3A4E04F96004 /* Pods_SportsDB.framework in Frameworks */,
			);
			runOnlyForDeploymentPostprocessing = 0;
		};
/* End PBXFrameworksBuildPhase section */

/* Begin PBXGroup section */
		79D814491499E4A7C817BA25 /* Frameworks */ = {
			isa = PBXGroup;
			children = (
				9D9E308F3FD795E2E38C3CC4 /* Pods_SportsDB.framework */,
			);
			name = Frameworks;
			sourceTree = "<group>";
		};
		CE1B79A124AEC4A0008B4825 = {
			isa = PBXGroup;
			children = (
				CE1B79AC24AEC4A0008B4825 /* SportsDB */,
				CE1B79AB24AEC4A0008B4825 /* Products */,
				D3BB94F10FA411597D30C53A /* Pods */,
				79D814491499E4A7C817BA25 /* Frameworks */,
			);
			sourceTree = "<group>";
		};
		CE1B79AB24AEC4A0008B4825 /* Products */ = {
			isa = PBXGroup;
			children = (
				CE1B79AA24AEC4A0008B4825 /* SportsDB.app */,
			);
			name = Products;
			sourceTree = "<group>";
		};
		CE1B79AC24AEC4A0008B4825 /* SportsDB */ = {
			isa = PBXGroup;
			children = (
				CE1B79D824AEEF14008B4825 /* Network */,
				CE1B79D324AEE6D2008B4825 /* Model */,
				CE1B79C124AEC554008B4825 /* Views */,
				CE1B79C624AEC5FF008B4825 /* Resources */,
				CE1B79C724AEC643008B4825 /* Supporting Files */,
			);
			path = SportsDB;
			sourceTree = "<group>";
		};
		CE1B79C124AEC554008B4825 /* Views */ = {
			isa = PBXGroup;
			children = (
				CE1B79CC24AED142008B4825 /* CustomCells */,
				CE1B79C224AEC586008B4825 /* LeaguesViewController.swift */,
				CE1B79C324AEC586008B4825 /* LeaguesViewController.xib */,
				CE1B79C824AECD94008B4825 /* DetailedLeaguesViewController.swift */,
				CE1B79C924AECD94008B4825 /* DetailedLeaguesViewController.xib */,
			);
			path = Views;
			sourceTree = "<group>";
		};
		CE1B79C624AEC5FF008B4825 /* Resources */ = {
			isa = PBXGroup;
			children = (
				CE1B79AD24AEC4A0008B4825 /* AppDelegate.swift */,
				CE1B79B624AEC4A3008B4825 /* Assets.xcassets */,
				CE1B79B824AEC4A3008B4825 /* LaunchScreen.storyboard */,
				CE1B79D124AEDE49008B4825 /* Colors.xcassets */,
			);
			path = Resources;
			sourceTree = "<group>";
		};
		CE1B79C724AEC643008B4825 /* Supporting Files */ = {
			isa = PBXGroup;
			children = (
				CE1B79BB24AEC4A3008B4825 /* Info.plist */,
			);
			path = "Supporting Files";
			sourceTree = "<group>";
		};
		CE1B79CC24AED142008B4825 /* CustomCells */ = {
			isa = PBXGroup;
			children = (
				CE1B79CD24AED171008B4825 /* LeagueTableViewCell.swift */,
				CE1B79CE24AED171008B4825 /* LeagueTableViewCell.xib */,
			);
			path = CustomCells;
			sourceTree = "<group>";
		};
		CE1B79D324AEE6D2008B4825 /* Model */ = {
			isa = PBXGroup;
			children = (
				CE1B79D424AEE730008B4825 /* League.swift */,
				CE1B79D624AEE8FF008B4825 /* LeagueDetails.swift */,
			);
			path = Model;
			sourceTree = "<group>";
		};
		CE1B79D824AEEF14008B4825 /* Network */ = {
			isa = PBXGroup;
			children = (
				CE1B79E424B01811008B4825 /* Leagues */,
				CE1B79DD24B00B45008B4825 /* Base */,
				CE1B79DC24AEEFB1008B4825 /* Response */,
			);
			path = Network;
			sourceTree = "<group>";
		};
		CE1B79DC24AEEFB1008B4825 /* Response */ = {
			isa = PBXGroup;
			children = (
				CE1B79E224B0179C008B4825 /* LeaguesResponse.swift */,
				CE1B79E924B04435008B4825 /* LeagueDetailsResponse.swift */,
			);
			path = Response;
			sourceTree = "<group>";
		};
		CE1B79DD24B00B45008B4825 /* Base */ = {
			isa = PBXGroup;
			children = (
				CE1B79DE24B00B57008B4825 /* TargetType.swift */,
				CE1B79E024B00F29008B4825 /* BaseAPI.swift */,
			);
			path = Base;
			sourceTree = "<group>";
		};
		CE1B79E424B01811008B4825 /* Leagues */ = {
			isa = PBXGroup;
			children = (
				CE1B79E524B01865008B4825 /* LeaguesNetworking.swift */,
				CE1B79E724B01B25008B4825 /* LeaguesAPI.swift */,
			);
			path = Leagues;
			sourceTree = "<group>";
		};
		D3BB94F10FA411597D30C53A /* Pods */ = {
			isa = PBXGroup;
			children = (
				E3B2B74D0C1C8F0516CA67D7 /* Pods-SportsDB.debug.xcconfig */,
				F99EFF8666E230E1680D4B49 /* Pods-SportsDB.release.xcconfig */,
			);
			path = Pods;
			sourceTree = "<group>";
		};
/* End PBXGroup section */

/* Begin PBXNativeTarget section */
		CE1B79A924AEC4A0008B4825 /* SportsDB */ = {
			isa = PBXNativeTarget;
			buildConfigurationList = CE1B79BE24AEC4A3008B4825 /* Build configuration list for PBXNativeTarget "SportsDB" */;
			buildPhases = (
				F9FA66DE2F3DB08418498271 /* [CP] Check Pods Manifest.lock */,
				CE1B79A624AEC4A0008B4825 /* Sources */,
				CE1B79A724AEC4A0008B4825 /* Frameworks */,
				CE1B79A824AEC4A0008B4825 /* Resources */,
				F2B81B6B81E4095095050263 /* [CP] Embed Pods Frameworks */,
			);
			buildRules = (
			);
			dependencies = (
			);
			name = SportsDB;
			productName = SportsDB;
			productReference = CE1B79AA24AEC4A0008B4825 /* SportsDB.app */;
			productType = "com.apple.product-type.application";
		};
/* End PBXNativeTarget section */

/* Begin PBXProject section */
		CE1B79A224AEC4A0008B4825 /* Project object */ = {
			isa = PBXProject;
			attributes = {
				LastSwiftUpdateCheck = 1140;
				LastUpgradeCheck = 1140;
				ORGANIZATIONNAME = Isaac;
				TargetAttributes = {
					CE1B79A924AEC4A0008B4825 = {
						CreatedOnToolsVersion = 11.4;
					};
				};
			};
			buildConfigurationList = CE1B79A524AEC4A0008B4825 /* Build configuration list for PBXProject "SportsDB" */;
			compatibilityVersion = "Xcode 9.3";
			developmentRegion = en;
			hasScannedForEncodings = 0;
			knownRegions = (
				en,
				Base,
			);
			mainGroup = CE1B79A124AEC4A0008B4825;
			productRefGroup = CE1B79AB24AEC4A0008B4825 /* Products */;
			projectDirPath = "";
			projectRoot = "";
			targets = (
				CE1B79A924AEC4A0008B4825 /* SportsDB */,
			);
		};
/* End PBXProject section */

/* Begin PBXResourcesBuildPhase section */
		CE1B79A824AEC4A0008B4825 /* Resources */ = {
			isa = PBXResourcesBuildPhase;
			buildActionMask = 2147483647;
			files = (
				CE1B79BA24AEC4A3008B4825 /* LaunchScreen.storyboard in Resources */,
				CE1B79CB24AECD94008B4825 /* DetailedLeaguesViewController.xib in Resources */,
				CE1B79D024AED171008B4825 /* LeagueTableViewCell.xib in Resources */,
				CE1B79D224AEDE49008B4825 /* Colors.xcassets in Resources */,
				CE1B79B724AEC4A3008B4825 /* Assets.xcassets in Resources */,
				CE1B79C524AEC586008B4825 /* LeaguesViewController.xib in Resources */,
			);
			runOnlyForDeploymentPostprocessing = 0;
		};
/* End PBXResourcesBuildPhase section */

/* Begin PBXShellScriptBuildPhase section */
		F2B81B6B81E4095095050263 /* [CP] Embed Pods Frameworks */ = {
			isa = PBXShellScriptBuildPhase;
			buildActionMask = 2147483647;
			files = (
			);
			inputFileListPaths = (
				"${PODS_ROOT}/Target Support Files/Pods-SportsDB/Pods-SportsDB-frameworks-${CONFIGURATION}-input-files.xcfilelist",
			);
			name = "[CP] Embed Pods Frameworks";
			outputFileListPaths = (
				"${PODS_ROOT}/Target Support Files/Pods-SportsDB/Pods-SportsDB-frameworks-${CONFIGURATION}-output-files.xcfilelist",
			);
			runOnlyForDeploymentPostprocessing = 0;
			shellPath = /bin/sh;
			shellScript = "\"${PODS_ROOT}/Target Support Files/Pods-SportsDB/Pods-SportsDB-frameworks.sh\"\n";
			showEnvVarsInLog = 0;
		};
		F9FA66DE2F3DB08418498271 /* [CP] Check Pods Manifest.lock */ = {
			isa = PBXShellScriptBuildPhase;
			buildActionMask = 2147483647;
			files = (
			);
			inputFileListPaths = (
			);
			inputPaths = (
				"${PODS_PODFILE_DIR_PATH}/Podfile.lock",
				"${PODS_ROOT}/Manifest.lock",
			);
			name = "[CP] Check Pods Manifest.lock";
			outputFileListPaths = (
			);
			outputPaths = (
				"$(DERIVED_FILE_DIR)/Pods-SportsDB-checkManifestLockResult.txt",
			);
			runOnlyForDeploymentPostprocessing = 0;
			shellPath = /bin/sh;
			shellScript = "diff \"${PODS_PODFILE_DIR_PATH}/Podfile.lock\" \"${PODS_ROOT}/Manifest.lock\" > /dev/null\nif [ $? != 0 ] ; then\n    # print error to STDERR\n    echo \"error: The sandbox is not in sync with the Podfile.lock. Run 'pod install' or update your CocoaPods installation.\" >&2\n    exit 1\nfi\n# This output is used by Xcode 'outputs' to avoid re-running this script phase.\necho \"SUCCESS\" > \"${SCRIPT_OUTPUT_FILE_0}\"\n";
			showEnvVarsInLog = 0;
		};
/* End PBXShellScriptBuildPhase section */

/* Begin PBXSourcesBuildPhase section */
		CE1B79A624AEC4A0008B4825 /* Sources */ = {
			isa = PBXSourcesBuildPhase;
			buildActionMask = 2147483647;
			files = (
				CE1B79CA24AECD94008B4825 /* DetailedLeaguesViewController.swift in Sources */,
				CE1B79AE24AEC4A0008B4825 /* AppDelegate.swift in Sources */,
				CE1B79EA24B04435008B4825 /* LeagueDetailsResponse.swift in Sources */,
				CE1B79CF24AED171008B4825 /* LeagueTableViewCell.swift in Sources */,
				CE1B79E324B0179C008B4825 /* LeaguesResponse.swift in Sources */,
				CE1B79D724AEE8FF008B4825 /* LeagueDetails.swift in Sources */,
				CE1B79E824B01B25008B4825 /* LeaguesAPI.swift in Sources */,
				CE1B79D524AEE730008B4825 /* League.swift in Sources */,
				CE1B79E624B01865008B4825 /* LeaguesNetworking.swift in Sources */,
				CE1B79E124B00F29008B4825 /* BaseAPI.swift in Sources */,
				CE1B79C424AEC586008B4825 /* LeaguesViewController.swift in Sources */,
				CE1B79DF24B00B57008B4825 /* TargetType.swift in Sources */,
			);
			runOnlyForDeploymentPostprocessing = 0;
		};
/* End PBXSourcesBuildPhase section */

/* Begin PBXVariantGroup section */
		CE1B79B824AEC4A3008B4825 /* LaunchScreen.storyboard */ = {
			isa = PBXVariantGroup;
			children = (
				CE1B79B924AEC4A3008B4825 /* Base */,
			);
			name = LaunchScreen.storyboard;
			sourceTree = "<group>";
		};
/* End PBXVariantGroup section */

/* Begin XCBuildConfiguration section */
		CE1B79BC24AEC4A3008B4825 /* Debug */ = {
			isa = XCBuildConfiguration;
			buildSettings = {
				ALWAYS_SEARCH_USER_PATHS = NO;
				CLANG_ANALYZER_NONNULL = YES;
				CLANG_ANALYZER_NUMBER_OBJECT_CONVERSION = YES_AGGRESSIVE;
				CLANG_CXX_LANGUAGE_STANDARD = "gnu++14";
				CLANG_CXX_LIBRARY = "libc++";
				CLANG_ENABLE_MODULES = YES;
				CLANG_ENABLE_OBJC_ARC = YES;
				CLANG_ENABLE_OBJC_WEAK = YES;
				CLANG_WARN_BLOCK_CAPTURE_AUTORELEASING = YES;
				CLANG_WARN_BOOL_CONVERSION = YES;
				CLANG_WARN_COMMA = YES;
				CLANG_WARN_CONSTANT_CONVERSION = YES;
				CLANG_WARN_DEPRECATED_OBJC_IMPLEMENTATIONS = YES;
				CLANG_WARN_DIRECT_OBJC_ISA_USAGE = YES_ERROR;
				CLANG_WARN_DOCUMENTATION_COMMENTS = YES;
				CLANG_WARN_EMPTY_BODY = YES;
				CLANG_WARN_ENUM_CONVERSION = YES;
				CLANG_WARN_INFINITE_RECURSION = YES;
				CLANG_WARN_INT_CONVERSION = YES;
				CLANG_WARN_NON_LITERAL_NULL_CONVERSION = YES;
				CLANG_WARN_OBJC_IMPLICIT_RETAIN_SELF = YES;
				CLANG_WARN_OBJC_LITERAL_CONVERSION = YES;
				CLANG_WARN_OBJC_ROOT_CLASS = YES_ERROR;
				CLANG_WARN_RANGE_LOOP_ANALYSIS = YES;
				CLANG_WARN_STRICT_PROTOTYPES = YES;
				CLANG_WARN_SUSPICIOUS_MOVE = YES;
				CLANG_WARN_UNGUARDED_AVAILABILITY = YES_AGGRESSIVE;
				CLANG_WARN_UNREACHABLE_CODE = YES;
				CLANG_WARN__DUPLICATE_METHOD_MATCH = YES;
				COPY_PHASE_STRIP = NO;
				DEBUG_INFORMATION_FORMAT = dwarf;
				ENABLE_STRICT_OBJC_MSGSEND = YES;
				ENABLE_TESTABILITY = YES;
				GCC_C_LANGUAGE_STANDARD = gnu11;
				GCC_DYNAMIC_NO_PIC = NO;
				GCC_NO_COMMON_BLOCKS = YES;
				GCC_OPTIMIZATION_LEVEL = 0;
				GCC_PREPROCESSOR_DEFINITIONS = (
					"DEBUG=1",
					"$(inherited)",
				);
				GCC_WARN_64_TO_32_BIT_CONVERSION = YES;
				GCC_WARN_ABOUT_RETURN_TYPE = YES_ERROR;
				GCC_WARN_UNDECLARED_SELECTOR = YES;
				GCC_WARN_UNINITIALIZED_AUTOS = YES_AGGRESSIVE;
				GCC_WARN_UNUSED_FUNCTION = YES;
				GCC_WARN_UNUSED_VARIABLE = YES;
				IPHONEOS_DEPLOYMENT_TARGET = 11.0;
				MTL_ENABLE_DEBUG_INFO = INCLUDE_SOURCE;
				MTL_FAST_MATH = YES;
				ONLY_ACTIVE_ARCH = YES;
				SDKROOT = iphoneos;
				SWIFT_ACTIVE_COMPILATION_CONDITIONS = DEBUG;
				SWIFT_OPTIMIZATION_LEVEL = "-Onone";
			};
			name = Debug;
		};
		CE1B79BD24AEC4A3008B4825 /* Release */ = {
			isa = XCBuildConfiguration;
			buildSettings = {
				ALWAYS_SEARCH_USER_PATHS = NO;
				CLANG_ANALYZER_NONNULL = YES;
				CLANG_ANALYZER_NUMBER_OBJECT_CONVERSION = YES_AGGRESSIVE;
				CLANG_CXX_LANGUAGE_STANDARD = "gnu++14";
				CLANG_CXX_LIBRARY = "libc++";
				CLANG_ENABLE_MODULES = YES;
				CLANG_ENABLE_OBJC_ARC = YES;
				CLANG_ENABLE_OBJC_WEAK = YES;
				CLANG_WARN_BLOCK_CAPTURE_AUTORELEASING = YES;
				CLANG_WARN_BOOL_CONVERSION = YES;
				CLANG_WARN_COMMA = YES;
				CLANG_WARN_CONSTANT_CONVERSION = YES;
				CLANG_WARN_DEPRECATED_OBJC_IMPLEMENTATIONS = YES;
				CLANG_WARN_DIRECT_OBJC_ISA_USAGE = YES_ERROR;
				CLANG_WARN_DOCUMENTATION_COMMENTS = YES;
				CLANG_WARN_EMPTY_BODY = YES;
				CLANG_WARN_ENUM_CONVERSION = YES;
				CLANG_WARN_INFINITE_RECURSION = YES;
				CLANG_WARN_INT_CONVERSION = YES;
				CLANG_WARN_NON_LITERAL_NULL_CONVERSION = YES;
				CLANG_WARN_OBJC_IMPLICIT_RETAIN_SELF = YES;
				CLANG_WARN_OBJC_LITERAL_CONVERSION = YES;
				CLANG_WARN_OBJC_ROOT_CLASS = YES_ERROR;
				CLANG_WARN_RANGE_LOOP_ANALYSIS = YES;
				CLANG_WARN_STRICT_PROTOTYPES = YES;
				CLANG_WARN_SUSPICIOUS_MOVE = YES;
				CLANG_WARN_UNGUARDED_AVAILABILITY = YES_AGGRESSIVE;
				CLANG_WARN_UNREACHABLE_CODE = YES;
				CLANG_WARN__DUPLICATE_METHOD_MATCH = YES;
				COPY_PHASE_STRIP = NO;
				DEBUG_INFORMATION_FORMAT = "dwarf-with-dsym";
				ENABLE_NS_ASSERTIONS = NO;
				ENABLE_STRICT_OBJC_MSGSEND = YES;
				GCC_C_LANGUAGE_STANDARD = gnu11;
				GCC_NO_COMMON_BLOCKS = YES;
				GCC_WARN_64_TO_32_BIT_CONVERSION = YES;
				GCC_WARN_ABOUT_RETURN_TYPE = YES_ERROR;
				GCC_WARN_UNDECLARED_SELECTOR = YES;
				GCC_WARN_UNINITIALIZED_AUTOS = YES_AGGRESSIVE;
				GCC_WARN_UNUSED_FUNCTION = YES;
				GCC_WARN_UNUSED_VARIABLE = YES;
				IPHONEOS_DEPLOYMENT_TARGET = 11.0;
				MTL_ENABLE_DEBUG_INFO = NO;
				MTL_FAST_MATH = YES;
				SDKROOT = iphoneos;
				SWIFT_COMPILATION_MODE = wholemodule;
				SWIFT_OPTIMIZATION_LEVEL = "-O";
				VALIDATE_PRODUCT = YES;
			};
			name = Release;
		};
		CE1B79BF24AEC4A3008B4825 /* Debug */ = {
			isa = XCBuildConfiguration;
			baseConfigurationReference = E3B2B74D0C1C8F0516CA67D7 /* Pods-SportsDB.debug.xcconfig */;
			buildSettings = {
				ASSETCATALOG_COMPILER_APPICON_NAME = AppIcon;
				CODE_SIGN_STYLE = Automatic;
				DEVELOPMENT_TEAM = 6ZZ5YDZA7Z;
				INFOPLIST_FILE = "SportsDB/Supporting Files/Info.plist";
				IPHONEOS_DEPLOYMENT_TARGET = 11.0;
				LD_RUNPATH_SEARCH_PATHS = (
					"$(inherited)",
					"@executable_path/Frameworks",
				);
				PRODUCT_BUNDLE_IDENTIFIER = IsaacKaram.SportsDB;
				PRODUCT_NAME = "$(TARGET_NAME)";
				SWIFT_VERSION = 5.0;
				TARGETED_DEVICE_FAMILY = "1,2";
			};
			name = Debug;
		};
		CE1B79C024AEC4A3008B4825 /* Release */ = {
			isa = XCBuildConfiguration;
			baseConfigurationReference = F99EFF8666E230E1680D4B49 /* Pods-SportsDB.release.xcconfig */;
			buildSettings = {
				ASSETCATALOG_COMPILER_APPICON_NAME = AppIcon;
				CODE_SIGN_STYLE = Automatic;
				DEVELOPMENT_TEAM = 6ZZ5YDZA7Z;
				INFOPLIST_FILE = "SportsDB/Supporting Files/Info.plist";
				IPHONEOS_DEPLOYMENT_TARGET = 11.0;
				LD_RUNPATH_SEARCH_PATHS = (
					"$(inherited)",
					"@executable_path/Frameworks",
				);
				PRODUCT_BUNDLE_IDENTIFIER = IsaacKaram.SportsDB;
				PRODUCT_NAME = "$(TARGET_NAME)";
				SWIFT_VERSION = 5.0;
				TARGETED_DEVICE_FAMILY = "1,2";
			};
			name = Release;
		};
/* End XCBuildConfiguration section */

/* Begin XCConfigurationList section */
		CE1B79A524AEC4A0008B4825 /* Build configuration list for PBXProject "SportsDB" */ = {
			isa = XCConfigurationList;
			buildConfigurations = (
				CE1B79BC24AEC4A3008B4825 /* Debug */,
				CE1B79BD24AEC4A3008B4825 /* Release */,
			);
			defaultConfigurationIsVisible = 0;
			defaultConfigurationName = Release;
		};
		CE1B79BE24AEC4A3008B4825 /* Build configuration list for PBXNativeTarget "SportsDB" */ = {
			isa = XCConfigurationList;
			buildConfigurations = (
				CE1B79BF24AEC4A3008B4825 /* Debug */,
				CE1B79C024AEC4A3008B4825 /* Release */,
			);
			defaultConfigurationIsVisible = 0;
			defaultConfigurationName = Release;
		};
/* End XCConfigurationList section */
	};
	rootObject = CE1B79A224AEC4A0008B4825 /* Project object */;
}
